{
  "name": "readablity",
  "version": "1.0.0",
  "lockfileVersion": 1,
  "requires": true,
  "dependencies": {
    "normalize-strings": {
      "version": "1.1.0",
      "resolved": "https://registry.npmjs.org/normalize-strings/-/normalize-strings-1.1.0.tgz",
      "integrity": "sha1-skp17UgXY5RAT3Rkm1y4BA6JmnU="
    },
    "pluralize": {
      "version": "7.0.0",
      "resolved": "https://registry.npmjs.org/pluralize/-/pluralize-7.0.0.tgz",
      "integrity": "sha512-ARhBOdzS3e41FbkW/XWrTEtukqqLoK5+Z/4UeDaLuSW+39JPeFgs4gCGqsrJHVZX0fUrx//4OF0K1CUGwlIFow=="
    },
    "syllable": {
      "version": "3.4.0",
      "resolved": "https://registry.npmjs.org/syllable/-/syllable-3.4.0.tgz",
      "integrity": "sha512-NmJCmtxoFwB8GxzjzWGl3cPsCKC5k9DV8I+iOX9t5ob38tPARQftYoFiSB/Qg1Rq4ZSabaqmxkcstikwvTIQ+w==",
      "requires": {
        "normalize-strings": "^1.1.0",
        "pluralize": "^7.0.0",
        "trim": "0.0.1"
      }
    },
    "trim": {
      "version": "0.0.1",
      "resolved": "https://registry.npmjs.org/trim/-/trim-0.0.1.tgz",
      "integrity": "sha1-WFhUf2spB1fulczMZm+1AITEYN0="
    }
  }
}
